{
    "_readme": [
        "This file locks the dependencies of your project to a known state",
        "Read more about it at https://getcomposer.org/doc/01-basic-usage.md#installing-dependencies",
        "This file is @generated automatically"
    ],
    "content-hash": "f1dbb3efa88d3d56ec3144937539b731",
    "packages": [
        {
            "name": "linhecheng/cmlphp",
            "version": "dev-master",
            "source": {
                "type": "git",
                "url": "https://github.com/linhecheng/cmlphp.git",
                "reference": "4db70b069ec6748cc97720f71b4afcaf834baf67"
            },
            "dist": {
                "type": "zip",
                "url": "https://api.github.com/repos/linhecheng/cmlphp/zipball/4db70b069ec6748cc97720f71b4afcaf834baf67",
                "reference": "4db70b069ec6748cc97720f71b4afcaf834baf67",
                "shasum": "",
                "mirrors": [
                    {
                        "url": "https://mirrors.aliyun.com/composer/dists/%package%/%reference%.%type%",
                        "preferred": true
                    }
                ]
            },
            "require": {
                "ext-curl": "*",
                "ext-json": "*",
                "php": ">=7.0"
            },
            "require-dev": {
                "phpunit/phpunit": "6.*"
            },
            "type": "library",
            "autoload": {
                "psr-4": {
                    "Cml\\": "src/Cml/",
                    "Cml\\Vendor\\": "src/Vendor/"
                }
            },
            "notification-url": "https://packagist.org/downloads/",
            "license": [
                "Apache-2.0"
            ],
            "authors": [
                {
                    "name": "linhecheng",
                    "email": "linhechengbush@live.com",
                    "homepage": "http://cmlphp.com",
                    "role": "Developer"
                }
            ],
            "description": "CmlPHP Framework",
            "homepage": "http://cmlphp.com",
            "keywords": [
                "cmlphp"
            ],
            "time": "2020-06-06T10:52:44+00:00"
        }
    ],
    "packages-dev": [],
    "aliases": [],
    "minimum-stability": "stable",
    "stability-flags": {
        "linhecheng/cmlphp": 20
    },
    "prefer-stable": false,
    "prefer-lowest": false,
    "platform": {
        "php": ">=7.0"
    },
    "platform-dev": [],
    "plugin-api-version": "1.1.0"
}
