{
    "_readme": [
        "This file locks the dependencies of your project to a known state",
        "Read more about it at https://getcomposer.org/doc/01-basic-usage.md#composer-lock-the-lock-file",
        "This file is @generated automatically"
    ],
    "content-hash": "8e98a4a0a58eae3c81ee9ed22d16876c",
    "packages": [
        {
            "name": "linhecheng/cmlphp",
            "version": "dev-dev",
            "source": {
                "type": "git",
                "url": "https://github.com/linhecheng/cmlphp.git",
                "reference": "17ff3036ceabedf60d9f8d0a7a2ccafb36fd9a31"
            },
            "dist": {
                "type": "zip",
                "url": "https://api.github.com/repos/linhecheng/cmlphp/zipball/17ff3036ceabedf60d9f8d0a7a2ccafb36fd9a31",
                "reference": "17ff3036ceabedf60d9f8d0a7a2ccafb36fd9a31",
                "shasum": "",
                "mirrors": [
                    {
                        "url": "https://dl.laravel-china.org/%package%/%reference%.%type%",
                        "preferred": true
                    }
                ]
            },
            "require": {
                "ext-curl": "*",
                "ext-json": "*",
                "php": ">=5.4.0"
            },
            "require-dev": {
                "phpunit/phpunit": "6.*"
            },
            "type": "library",
            "autoload": {
                "psr-4": {
                    "Cml\\": "src/Cml/",
                    "Cml\\Vendor\\": "src/Vendor/"
                }
            },
            "notification-url": "https://packagist.org/downloads/",
            "license": [
                "Apache-2.0"
            ],
            "authors": [
                {
                    "name": "linhecheng",
                    "email": "linhechengbush@live.com",
                    "homepage": "http://cmlphp.com",
                    "role": "Developer"
                }
            ],
            "description": "CmlPHP Framework",
            "homepage": "http://cmlphp.com",
            "keywords": [
                "cmlphp"
            ],
            "time": "2019-05-10T11:42:18+00:00"
        }
    ],
    "packages-dev": [],
    "aliases": [],
    "minimum-stability": "stable",
    "stability-flags": {
        "linhecheng/cmlphp": 20
    },
    "prefer-stable": false,
    "prefer-lowest": false,
    "platform": {
        "php": ">=5.4.0"
    },
    "platform-dev": []
}
